
Microsoft Visual Studio Solution File, Format Version 12.00
# Visual Studio Version 17
VisualStudioVersion = 17.11.35222.181
MinimumVisualStudioVersion = 10.0.40219.1
Project("{FAE04EC0-301F-11D3-BF4B-00C04F79EFBC}") = "FitnessJournal", "FitnessJournal\FitnessJournal.csproj", "{16B2A4AF-9B7F-4A11-89AF-56ECFD159C1A}"
EndProject
Global
	GlobalSection(SolutionConfigurationPlatforms) = preSolution
		Debug|Any CPU = Debug|Any CPU
		Release|Any CPU = Release|Any CPU
	EndGlobalSection
	GlobalSection(ProjectConfigurationPlatforms) = postSolution
		{16B2A4AF-9B7F-4A11-89AF-56ECFD159C1A}.Debug|Any CPU.ActiveCfg = Debug|Any CPU
		{16B2A4AF-9B7F-4A11-89AF-56ECFD159C1A}.Debug|Any CPU.Build.0 = Debug|Any CPU
		{16B2A4AF-9B7F-4A11-89AF-56ECFD159C1A}.Release|Any CPU.ActiveCfg = Release|Any CPU
		{16B2A4AF-9B7F-4A11-89AF-56ECFD159C1A}.Release|Any CPU.Build.0 = Release|Any CPU
	EndGlobalSection
	GlobalSection(SolutionProperties) = preSolution
		HideSolutionNode = FALSE
	EndGlobalSection
	GlobalSection(ExtensibilityGlobals) = postSolution
		SolutionGuid = {44907A0E-B216-4DE5-ABAB-FAB8C08BD926}
	EndGlobalSection
EndGlobal
